Microsoft Visual Studio Solution File, Format Version 12.00
# Visual Studio Version 17
VisualStudioVersion = 17.5.2.0
MinimumVisualStudioVersion = 10.0.40219.1
Project("{FAE04EC0-301F-11D3-BF4B-00C04F79EFBC}") = "TenQuestApi", "TenQuestApi\TenQuestApi.csproj", "{BE0FD0F1-53DE-5AFD-2D3E-78967EC80E4F}"
EndProject
Global
	GlobalSection(SolutionConfigurationPlatforms) = preSolution
		Debug|Any CPU = Debug|Any CPU
		Release|Any CPU = Release|Any CPU
	EndGlobalSection
	GlobalSection(ProjectConfigurationPlatforms) = postSolution
		{BE0FD0F1-53DE-5AFD-2D3E-78967EC80E4F}.Debug|Any CPU.ActiveCfg = Debug|Any CPU
		{BE0FD0F1-53DE-5AFD-2D3E-78967EC80E4F}.Debug|Any CPU.Build.0 = Debug|Any CPU
		{BE0FD0F1-53DE-5AFD-2D3E-78967EC80E4F}.Release|Any CPU.ActiveCfg = Release|Any CPU
		{BE0FD0F1-53DE-5AFD-2D3E-78967EC80E4F}.Release|Any CPU.Build.0 = Release|Any CPU
	EndGlobalSection
	GlobalSection(SolutionProperties) = preSolution
		HideSolutionNode = FALSE
	EndGlobalSection
	GlobalSection(ExtensibilityGlobals) = postSolution
		SolutionGuid = {2662468C-6235-4EAA-87F0-41D80A4CFDC0}
	EndGlobalSection
EndGlobal
